
Microsoft Visual Studio Solution File, Format Version 12.00
# Visual Studio Version 17
VisualStudioVersion = 17.11.35303.130
MinimumVisualStudioVersion = 10.0.40219.1
Project("{FAE04EC0-301F-11D3-BF4B-00C04F79EFBC}") = "15PuzzleGame", "15PuzzleGame\15PuzzleGame.csproj", "{8797F712-0684-462B-92E2-2048EC20CE24}"
EndProject
Global
	GlobalSection(SolutionConfigurationPlatforms) = preSolution
		Debug|Any CPU = Debug|Any CPU
		Release|Any CPU = Release|Any CPU
	EndGlobalSection
	GlobalSection(ProjectConfigurationPlatforms) = postSolution
		{8797F712-0684-462B-92E2-2048EC20CE24}.Debug|Any CPU.ActiveCfg = Debug|Any CPU
		{8797F712-0684-462B-92E2-2048EC20CE24}.Debug|Any CPU.Build.0 = Debug|Any CPU
		{8797F712-0684-462B-92E2-2048EC20CE24}.Release|Any CPU.ActiveCfg = Release|Any CPU
		{8797F712-0684-462B-92E2-2048EC20CE24}.Release|Any CPU.Build.0 = Release|Any CPU
	EndGlobalSection
	GlobalSection(SolutionProperties) = preSolution
		HideSolutionNode = FALSE
	EndGlobalSection
	GlobalSection(ExtensibilityGlobals) = postSolution
		SolutionGuid = {F3969ABC-60E8-406E-BFB4-659C1BD279D8}
	EndGlobalSection
EndGlobal
